// !$*UTF8*$!
{
	archiveVersion = 1;
	classes = {
	};
	objectVersion = 50;
	objects = {

/* Begin PBXBuildFile section */
		28D617A5258E6D2700A7AE18 /* Flat_AssetsApp.swift in Sources */ = {isa = PBXBuildFile; fileRef = 28D61792258E6D2600A7AE18 /* Flat_AssetsApp.swift */; };
		28D617A6258E6D2700A7AE18 /* Flat_AssetsApp.swift in Sources */ = {isa = PBXBuildFile; fileRef = 28D61792258E6D2600A7AE18 /* Flat_AssetsApp.swift */; };
		28D617A7258E6D2700A7AE18 /* ContentView.swift in Sources */ = {isa = PBXBuildFile; fileRef = 28D61793258E6D2600A7AE18 /* ContentView.swift */; };
		28D617A8258E6D2700A7AE18 /* ContentView.swift in Sources */ = {isa = PBXBuildFile; fileRef = 28D61793258E6D2600A7AE18 /* ContentView.swift */; };
		28D617A9258E6D2700A7AE18 /* Assets.xcassets in Resources */ = {isa = PBXBuildFile; fileRef = 28D61794258E6D2700A7AE18 /* Assets.xcassets */; };
		28D617AA258E6D2700A7AE18 /* Assets.xcassets in Resources */ = {isa = PBXBuildFile; fileRef = 28D61794258E6D2700A7AE18 /* Assets.xcassets */; };
/* End PBXBuildFile section */

/* Begin PBXFileReference section */
		28D61792258E6D2600A7AE18 /* Flat_AssetsApp.swift */ = {isa = PBXFileReference; lastKnownFileType = sourcecode.swift; path = Flat_AssetsApp.swift; sourceTree = "<group>"; };
		28D61793258E6D2600A7AE18 /* ContentView.swift */ = {isa = PBXFileReference; lastKnownFileType = sourcecode.swift; path = ContentView.swift; sourceTree = "<group>"; };
		28D61794258E6D2700A7AE18 /* Assets.xcassets */ = {isa = PBXFileReference; lastKnownFileType = folder.assetcatalog; path = Assets.xcassets; sourceTree = "<group>"; };
		28D61799258E6D2700A7AE18 /* Flat Assets.app */ = {isa = PBXFileReference; explicitFileType = wrapper.application; includeInIndex = 0; path = "Flat Assets.app"; sourceTree = BUILT_PRODUCTS_DIR; };
		28D6179C258E6D2700A7AE18 /* Info.plist */ = {isa = PBXFileReference; lastKnownFileType = text.plist.xml; path = Info.plist; sourceTree = "<group>"; };
		28D617A1258E6D2700A7AE18 /* Flat Assets.app */ = {isa = PBXFileReference; explicitFileType = wrapper.application; includeInIndex = 0; path = "Flat Assets.app"; sourceTree = BUILT_PRODUCTS_DIR; };
		28D617A3258E6D2700A7AE18 /* Info.plist */ = {isa = PBXFileReference; lastKnownFileType = text.plist.xml; path = Info.plist; sourceTree = "<group>"; };
		28D617A4258E6D2700A7AE18 /* macOS.entitlements */ = {isa = PBXFileReference; lastKnownFileType = text.plist.entitlements; path = macOS.entitlements; sourceTree = "<group>"; };
/* End PBXFileReference section */

/* Begin PBXFrameworksBuildPhase section */
		28D61796258E6D2700A7AE18 /* Frameworks */ = {
			isa = PBXFrameworksBuildPhase;
			buildActionMask = 2147483647;
			files = (
			);
			runOnlyForDeploymentPostprocessing = 0;
		};
		28D6179E258E6D2700A7AE18 /* Frameworks */ = {
			isa = PBXFrameworksBuildPhase;
			buildActionMask = 2147483647;
			files = (
			);
			runOnlyForDeploymentPostprocessing = 0;
		};
/* End PBXFrameworksBuildPhase section */

/* Begin PBXGroup section */
		28D6178C258E6D2500A7AE18 = {
			isa = PBXGroup;
			children = (
				28D61791258E6D2600A7AE18 /* Shared */,
				28D6179B258E6D2700A7AE18 /* iOS */,
				28D617A2258E6D2700A7AE18 /* macOS */,
				28D6179A258E6D2700A7AE18 /* Products */,
			);
			sourceTree = "<group>";
		};
		28D61791258E6D2600A7AE18 /* Shared */ = {
			isa = PBXGroup;
			children = (
				28D61792258E6D2600A7AE18 /* Flat_AssetsApp.swift */,
				28D61793258E6D2600A7AE18 /* ContentView.swift */,
				28D61794258E6D2700A7AE18 /* Assets.xcassets */,
			);
			path = Shared;
			sourceTree = "<group>";
		};
		28D6179A258E6D2700A7AE18 /* Products */ = {
			isa = PBXGroup;
			children = (
				28D61799258E6D2700A7AE18 /* Flat Assets.app */,
				28D617A1258E6D2700A7AE18 /* Flat Assets.app */,
			);
			name = Products;
			sourceTree = "<group>";
		};
		28D6179B258E6D2700A7AE18 /* iOS */ = {
			isa = PBXGroup;
			children = (
				28D6179C258E6D2700A7AE18 /* Info.plist */,
			);
			path = iOS;
			sourceTree = "<group>";
		};
		28D617A2258E6D2700A7AE18 /* macOS */ = {
			isa = PBXGroup;
			children = (
				28D617A3258E6D2700A7AE18 /* Info.plist */,
				28D617A4258E6D2700A7AE18 /* macOS.entitlements */,
			);
			path = macOS;
			sourceTree = "<group>";
		};
/* End PBXGroup section */

/* Begin PBXNativeTarget section */
		28D61798258E6D2700A7AE18 /* Flat Assets (iOS) */ = {
			isa = PBXNativeTarget;
			buildConfigurationList = 28D617AD258E6D2700A7AE18 /* Build configuration list for PBXNativeTarget "Flat Assets (iOS)" */;
			buildPhases = (
				28D61795258E6D2700A7AE18 /* Sources */,
				28D61796258E6D2700A7AE18 /* Frameworks */,
				28D61797258E6D2700A7AE18 /* Resources */,
			);
			buildRules = (
			);
			dependencies = (
			);
			name = "Flat Assets (iOS)";
			productName = "Flat Assets (iOS)";
			productReference = 28D61799258E6D2700A7AE18 /* Flat Assets.app */;
			productType = "com.apple.product-type.application";
		};
		28D617A0258E6D2700A7AE18 /* Flat Assets (macOS) */ = {
			isa = PBXNativeTarget;
			buildConfigurationList = 28D617B0258E6D2700A7AE18 /* Build configuration list for PBXNativeTarget "Flat Assets (macOS)" */;
			buildPhases = (
				28D6179D258E6D2700A7AE18 /* Sources */,
				28D6179E258E6D2700A7AE18 /* Frameworks */,
				28D6179F258E6D2700A7AE18 /* Resources */,
			);
			buildRules = (
			);
			dependencies = (
			);
			name = "Flat Assets (macOS)";
			productName = "Flat Assets (macOS)";
			productReference = 28D617A1258E6D2700A7AE18 /* Flat Assets.app */;
			productType = "com.apple.product-type.application";
		};
/* End PBXNativeTarget section */

/* Begin PBXProject section */
		28D6178D258E6D2500A7AE18 /* Project object */ = {
			isa = PBXProject;
			attributes = {
				LastSwiftUpdateCheck = 1220;
				LastUpgradeCheck = 1220;
				TargetAttributes = {
					28D61798258E6D2700A7AE18 = {
						CreatedOnToolsVersion = 12.2;
					};
					28D617A0258E6D2700A7AE18 = {
						CreatedOnToolsVersion = 12.2;
					};
				};
			};
			buildConfigurationList = 28D61790258E6D2500A7AE18 /* Build configuration list for PBXProject "Flat Assets" */;
			compatibilityVersion = "Xcode 9.3";
			developmentRegion = en;
			hasScannedForEncodings = 0;
			knownRegions = (
				en,
				Base,
			);
			mainGroup = 28D6178C258E6D2500A7AE18;
			productRefGroup = 28D6179A258E6D2700A7AE18 /* Products */;
			projectDirPath = "";
			projectRoot = "";
			targets = (
				28D61798258E6D2700A7AE18 /* Flat Assets (iOS) */,
				28D617A0258E6D2700A7AE18 /* Flat Assets (macOS) */,
			);
		};
/* End PBXProject section */

/* Begin PBXResourcesBuildPhase section */
		28D61797258E6D2700A7AE18 /* Resources */ = {
			isa = PBXResourcesBuildPhase;
			buildActionMask = 2147483647;
			files = (
				28D617A9258E6D2700A7AE18 /* Assets.xcassets in Resources */,
			);
			runOnlyForDeploymentPostprocessing = 0;
		};
		28D6179F258E6D2700A7AE18 /* Resources */ = {
			isa = PBXResourcesBuildPhase;
			buildActionMask = 2147483647;
			files = (
				28D617AA258E6D2700A7AE18 /* Assets.xcassets in Resources */,
			);
			runOnlyForDeploymentPostprocessing = 0;
		};
/* End PBXResourcesBuildPhase section */

/* Begin PBXSourcesBuildPhase section */
		28D61795258E6D2700A7AE18 /* Sources */ = {
			isa = PBXSourcesBuildPhase;
			buildActionMask = 2147483647;
			files = (
				28D617A7258E6D2700A7AE18 /* ContentView.swift in Sources */,
				28D617A5258E6D2700A7AE18 /* Flat_AssetsApp.swift in Sources */,
			);
			runOnlyForDeploymentPostprocessing = 0;
		};
		28D6179D258E6D2700A7AE18 /* Sources */ = {
			isa = PBXSourcesBuildPhase;
			buildActionMask = 2147483647;
			files = (
				28D617A8258E6D2700A7AE18 /* ContentView.swift in Sources */,
				28D617A6258E6D2700A7AE18 /* Flat_AssetsApp.swift in Sources */,
			);
			runOnlyForDeploymentPostprocessing = 0;
		};
/* End PBXSourcesBuildPhase section */

/* Begin XCBuildConfiguration section */
		28D617AB258E6D2700A7AE18 /* Debug */ = {
			isa = XCBuildConfiguration;
			buildSettings = {
				ALWAYS_SEARCH_USER_PATHS = NO;
				CLANG_ANALYZER_NONNULL = YES;
				CLANG_ANALYZER_NUMBER_OBJECT_CONVERSION = YES_AGGRESSIVE;
				CLANG_CXX_LANGUAGE_STANDARD = "gnu++14";
				CLANG_CXX_LIBRARY = "libc++";
				CLANG_ENABLE_MODULES = YES;
				CLANG_ENABLE_OBJC_ARC = YES;
				CLANG_ENABLE_OBJC_WEAK = YES;
				CLANG_WARN_BLOCK_CAPTURE_AUTORELEASING = YES;
				CLANG_WARN_BOOL_CONVERSION = YES;
				CLANG_WARN_COMMA = YES;
				CLANG_WARN_CONSTANT_CONVERSION = YES;
				CLANG_WARN_DEPRECATED_OBJC_IMPLEMENTATIONS = YES;
				CLANG_WARN_DIRECT_OBJC_ISA_USAGE = YES_ERROR;
				CLANG_WARN_DOCUMENTATION_COMMENTS = YES;
				CLANG_WARN_EMPTY_BODY = YES;
				CLANG_WARN_ENUM_CONVERSION = YES;
				CLANG_WARN_INFINITE_RECURSION = YES;
				CLANG_WARN_INT_CONVERSION = YES;
				CLANG_WARN_NON_LITERAL_NULL_CONVERSION = YES;
				CLANG_WARN_OBJC_IMPLICIT_RETAIN_SELF = YES;
				CLANG_WARN_OBJC_LITERAL_CONVERSION = YES;
				CLANG_WARN_OBJC_ROOT_CLASS = YES_ERROR;
				CLANG_WARN_QUOTED_INCLUDE_IN_FRAMEWORK_HEADER = YES;
				CLANG_WARN_RANGE_LOOP_ANALYSIS = YES;
				CLANG_WARN_STRICT_PROTOTYPES = YES;
				CLANG_WARN_SUSPICIOUS_MOVE = YES;
				CLANG_WARN_UNGUARDED_AVAILABILITY = YES_AGGRESSIVE;
				CLANG_WARN_UNREACHABLE_CODE = YES;
				CLANG_WARN__DUPLICATE_METHOD_MATCH = YES;
				COPY_PHASE_STRIP = NO;
				DEBUG_INFORMATION_FORMAT = dwarf;
				ENABLE_STRICT_OBJC_MSGSEND = YES;
				ENABLE_TESTABILITY = YES;
				GCC_C_LANGUAGE_STANDARD = gnu11;
				GCC_DYNAMIC_NO_PIC = NO;
				GCC_NO_COMMON_BLOCKS = YES;
				GCC_OPTIMIZATION_LEVEL = 0;
				GCC_PREPROCESSOR_DEFINITIONS = (
					"DEBUG=1",
					"$(inherited)",
				);
				GCC_WARN_64_TO_32_BIT_CONVERSION = YES;
				GCC_WARN_ABOUT_RETURN_TYPE = YES_ERROR;
				GCC_WARN_UNDECLARED_SELECTOR = YES;
				GCC_WARN_UNINITIALIZED_AUTOS = YES_AGGRESSIVE;
				GCC_WARN_UNUSED_FUNCTION = YES;
				GCC_WARN_UNUSED_VARIABLE = YES;
				MTL_ENABLE_DEBUG_INFO = INCLUDE_SOURCE;
				MTL_FAST_MATH = YES;
				ONLY_ACTIVE_ARCH = YES;
				SWIFT_ACTIVE_COMPILATION_CONDITIONS = DEBUG;
				SWIFT_OPTIMIZATION_LEVEL = "-Onone";
			};
			name = Debug;
		};
		28D617AC258E6D2700A7AE18 /* Release */ = {
			isa = XCBuildConfiguration;
			buildSettings = {
				ALWAYS_SEARCH_USER_PATHS = NO;
				CLANG_ANALYZER_NONNULL = YES;
				CLANG_ANALYZER_NUMBER_OBJECT_CONVERSION = YES_AGGRESSIVE;
				CLANG_CXX_LANGUAGE_STANDARD = "gnu++14";
				CLANG_CXX_LIBRARY = "libc++";
				CLANG_ENABLE_MODULES = YES;
				CLANG_ENABLE_OBJC_ARC = YES;
				CLANG_ENABLE_OBJC_WEAK = YES;
				CLANG_WARN_BLOCK_CAPTURE_AUTORELEASING = YES;
				CLANG_WARN_BOOL_CONVERSION = YES;
				CLANG_WARN_COMMA = YES;
				CLANG_WARN_CONSTANT_CONVERSION = YES;
				CLANG_WARN_DEPRECATED_OBJC_IMPLEMENTATIONS = YES;
				CLANG_WARN_DIRECT_OBJC_ISA_USAGE = YES_ERROR;
				CLANG_WARN_DOCUMENTATION_COMMENTS = YES;
				CLANG_WARN_EMPTY_BODY = YES;
				CLANG_WARN_ENUM_CONVERSION = YES;
				CLANG_WARN_INFINITE_RECURSION = YES;
				CLANG_WARN_INT_CONVERSION = YES;
				CLANG_WARN_NON_LITERAL_NULL_CONVERSION = YES;
				CLANG_WARN_OBJC_IMPLICIT_RETAIN_SELF = YES;
				CLANG_WARN_OBJC_LITERAL_CONVERSION = YES;
				CLANG_WARN_OBJC_ROOT_CLASS = YES_ERROR;
				CLANG_WARN_QUOTED_INCLUDE_IN_FRAMEWORK_HEADER = YES;
				CLANG_WARN_RANGE_LOOP_ANALYSIS = YES;
				CLANG_WARN_STRICT_PROTOTYPES = YES;
				CLANG_WARN_SUSPICIOUS_MOVE = YES;
				CLANG_WARN_UNGUARDED_AVAILABILITY = YES_AGGRESSIVE;
				CLANG_WARN_UNREACHABLE_CODE = YES;
				CLANG_WARN__DUPLICATE_METHOD_MATCH = YES;
				COPY_PHASE_STRIP = NO;
				DEBUG_INFORMATION_FORMAT = "dwarf-with-dsym";
				ENABLE_NS_ASSERTIONS = NO;
				ENABLE_STRICT_OBJC_MSGSEND = YES;
				GCC_C_LANGUAGE_STANDARD = gnu11;
				GCC_NO_COMMON_BLOCKS = YES;
				GCC_WARN_64_TO_32_BIT_CONVERSION = YES;
				GCC_WARN_ABOUT_RETURN_TYPE = YES_ERROR;
				GCC_WARN_UNDECLARED_SELECTOR = YES;
				GCC_WARN_UNINITIALIZED_AUTOS = YES_AGGRESSIVE;
				GCC_WARN_UNUSED_FUNCTION = YES;
				GCC_WARN_UNUSED_VARIABLE = YES;
				MTL_ENABLE_DEBUG_INFO = NO;
				MTL_FAST_MATH = YES;
				SWIFT_COMPILATION_MODE = wholemodule;
				SWIFT_OPTIMIZATION_LEVEL = "-O";
			};
			name = Release;
		};
		28D617AE258E6D2700A7AE18 /* Debug */ = {
			isa = XCBuildConfiguration;
			buildSettings = {
				ASSETCATALOG_COMPILER_APPICON_NAME = AppIcon;
				ASSETCATALOG_COMPILER_GLOBAL_ACCENT_COLOR_NAME = AccentColor;
				CODE_SIGN_STYLE = Automatic;
				DEVELOPMENT_TEAM = NWJALMT777;
				ENABLE_PREVIEWS = YES;
				INFOPLIST_FILE = iOS/Info.plist;
				IPHONEOS_DEPLOYMENT_TARGET = 14.0;
				LD_RUNPATH_SEARCH_PATHS = (
					"$(inherited)",
					"@executable_path/Frameworks",
				);
				PRODUCT_BUNDLE_IDENTIFIER = "codes.amitdev.Flat-Assets";
				PRODUCT_NAME = "Flat Assets";
				SDKROOT = iphoneos;
				SWIFT_VERSION = 5.0;
				TARGETED_DEVICE_FAMILY = "1,2";
			};
			name = Debug;
		};
		28D617AF258E6D2700A7AE18 /* Release */ = {
			isa = XCBuildConfiguration;
			buildSettings = {
				ASSETCATALOG_COMPILER_APPICON_NAME = AppIcon;
				ASSETCATALOG_COMPILER_GLOBAL_ACCENT_COLOR_NAME = AccentColor;
				CODE_SIGN_STYLE = Automatic;
				DEVELOPMENT_TEAM = NWJALMT777;
				ENABLE_PREVIEWS = YES;
				INFOPLIST_FILE = iOS/Info.plist;
				IPHONEOS_DEPLOYMENT_TARGET = 14.0;
				LD_RUNPATH_SEARCH_PATHS = (
					"$(inherited)",
					"@executable_path/Frameworks",
				);
				PRODUCT_BUNDLE_IDENTIFIER = "codes.amitdev.Flat-Assets";
				PRODUCT_NAME = "Flat Assets";
				SDKROOT = iphoneos;
				SWIFT_VERSION = 5.0;
				TARGETED_DEVICE_FAMILY = "1,2";
				VALIDATE_PRODUCT = YES;
			};
			name = Release;
		};
		28D617B1258E6D2700A7AE18 /* Debug */ = {
			isa = XCBuildConfiguration;
			buildSettings = {
				ASSETCATALOG_COMPILER_APPICON_NAME = AppIcon;
				ASSETCATALOG_COMPILER_GLOBAL_ACCENT_COLOR_NAME = AccentColor;
				CODE_SIGN_ENTITLEMENTS = macOS/macOS.entitlements;
				CODE_SIGN_STYLE = Automatic;
				COMBINE_HIDPI_IMAGES = YES;
				DEVELOPMENT_TEAM = NWJALMT777;
				ENABLE_HARDENED_RUNTIME = YES;
				ENABLE_PREVIEWS = YES;
				INFOPLIST_FILE = macOS/Info.plist;
				LD_RUNPATH_SEARCH_PATHS = (
					"$(inherited)",
					"@executable_path/../Frameworks",
				);
				MACOSX_DEPLOYMENT_TARGET = 11.0;
				PRODUCT_BUNDLE_IDENTIFIER = "codes.amitdev.Flat-Assets";
				PRODUCT_NAME = "Flat Assets";
				SDKROOT = macosx;
				SWIFT_VERSION = 5.0;
			};
			name = Debug;
		};
		28D617B2258E6D2700A7AE18 /* Release */ = {
			isa = XCBuildConfiguration;
			buildSettings = {
				ASSETCATALOG_COMPILER_APPICON_NAME = AppIcon;
				ASSETCATALOG_COMPILER_GLOBAL_ACCENT_COLOR_NAME = AccentColor;
				CODE_SIGN_ENTITLEMENTS = macOS/macOS.entitlements;
				CODE_SIGN_STYLE = Automatic;
				COMBINE_HIDPI_IMAGES = YES;
				DEVELOPMENT_TEAM = NWJALMT777;
				ENABLE_HARDENED_RUNTIME = YES;
				ENABLE_PREVIEWS = YES;
				INFOPLIST_FILE = macOS/Info.plist;
				LD_RUNPATH_SEARCH_PATHS = (
					"$(inherited)",
					"@executable_path/../Frameworks",
				);
				MACOSX_DEPLOYMENT_TARGET = 11.0;
				PRODUCT_BUNDLE_IDENTIFIER = "codes.amitdev.Flat-Assets";
				PRODUCT_NAME = "Flat Assets";
				SDKROOT = macosx;
				SWIFT_VERSION = 5.0;
			};
			name = Release;
		};
/* End XCBuildConfiguration section */

/* Begin XCConfigurationList section */
		28D61790258E6D2500A7AE18 /* Build configuration list for PBXProject "Flat Assets" */ = {
			isa = XCConfigurationList;
			buildConfigurations = (
				28D617AB258E6D2700A7AE18 /* Debug */,
				28D617AC258E6D2700A7AE18 /* Release */,
			);
			defaultConfigurationIsVisible = 0;
			defaultConfigurationName = Release;
		};
		28D617AD258E6D2700A7AE18 /* Build configuration list for PBXNativeTarget "Flat Assets (iOS)" */ = {
			isa = XCConfigurationList;
			buildConfigurations = (
				28D617AE258E6D2700A7AE18 /* Debug */,
				28D617AF258E6D2700A7AE18 /* Release */,
			);
			defaultConfigurationIsVisible = 0;
			defaultConfigurationName = Release;
		};
		28D617B0258E6D2700A7AE18 /* Build configuration list for PBXNativeTarget "Flat Assets (macOS)" */ = {
			isa = XCConfigurationList;
			buildConfigurations = (
				28D617B1258E6D2700A7AE18 /* Debug */,
				28D617B2258E6D2700A7AE18 /* Release */,
			);
			defaultConfigurationIsVisible = 0;
			defaultConfigurationName = Release;
		};
/* End XCConfigurationList section */
	};
	rootObject = 28D6178D258E6D2500A7AE18 /* Project object */;
}
